Microsoft Visual Studio Solution File, Format Version 9.00
# Visual C++ Express 2005
Project("{8BC9CEB8-8B4A-11D0-8D11-00A0C91BC942}") = "ZenLib", "Library\ZenLib.vcproj", "{0DA1DA7D-F393-4E7C-A7CE-CB5C6A67BC94}"
EndProject
Project("{8BC9CEB8-8B4A-11D0-8D11-00A0C91BC942}") = "ZenLib_Test", "Example\ZenLib_Test.vcproj", "{425F07FD-D7F7-467F-B213-8B60635582F2}"
	ProjectSection(ProjectDependencies) = postProject
		{0DA1DA7D-F393-4E7C-A7CE-CB5C6A67BC94} = {0DA1DA7D-F393-4E7C-A7CE-CB5C6A67BC94}
	EndProjectSection
EndProject
Global
	GlobalSection(SolutionConfigurationPlatforms) = preSolution
		Release_Ansi|Win32 = Release_Ansi|Win32
		Release|Win32 = Release|Win32
	EndGlobalSection
	GlobalSection(ProjectConfigurationPlatforms) = postSolution
		{0DA1DA7D-F393-4E7C-A7CE-CB5C6A67BC94}.Release_Ansi|Win32.ActiveCfg = Release_Ansi|Win32
		{0DA1DA7D-F393-4E7C-A7CE-CB5C6A67BC94}.Release_Ansi|Win32.Build.0 = Release_Ansi|Win32
		{0DA1DA7D-F393-4E7C-A7CE-CB5C6A67BC94}.Release|Win32.ActiveCfg = Release|Win32
		{0DA1DA7D-F393-4E7C-A7CE-CB5C6A67BC94}.Release|Win32.Build.0 = Release|Win32
		{425F07FD-D7F7-467F-B213-8B60635582F2}.Release_Ansi|Win32.ActiveCfg = Release_Ansi|Win32
		{425F07FD-D7F7-467F-B213-8B60635582F2}.Release|Win32.ActiveCfg = Release|Win32
	EndGlobalSection
	GlobalSection(SolutionProperties) = preSolution
		HideSolutionNode = FALSE
	EndGlobalSection
EndGlobal
