<?xml version="1.0" encoding="UTF-8" standalone="yes" ?>
<CodeBlocks_project_file>
	<FileVersion major="1" minor="5" />
	<Project>
		<Option title="GUI" />
		<Option pch_mode="0" />
		<Option default_target="" />
		<Option compiler="gcc" />
		<Option virtualFolders="" />
		<Build>
			<Target title="default">
				<Option output="..\..\..\Release\GCC_MinGW32\GUI\MediaInfo.exe" prefix_auto="0" extension_auto="0" />
				<Option type="0" />
				<Option compiler="gcc" />
				<Option projectResourceIncludeDirsRelation="0" />
				<Linker>
					<Add option="-s" />
				</Linker>
			</Target>
		</Build>
		<VirtualTargets>
			<Add alias="All" targets="Debug;default;" />
		</VirtualTargets>
		<Compiler>
			<Add option="-march=i586" />
			<Add option="-O3" />
			<Add option="-Wall" />
			<Add option="-DWIN32" />
			<Add option="-D_WIN32" />
			<Add option="-DUNICODE" />
			<Add option="-D_UNICODE" />
			<Add option="-DMEDIAINFO_APE_NO" />
			<Add option="-DMEDIAINFO_FLAC_NO" />
			<Add option="-DMEDIAINFO_ID3_NO" />
			<Add option="-DMEDIAINFO_MK_NO" />
			<Add option="-DMEDIAINFO_MPC_NO" />
			<Add option="-DMEDIAINFO_SNDFILE_NO" />
			<Add directory="..\..\..\Source" />
			<Add directory="..\..\..\..\MediaInfoLib\Source" />
			<Add directory="..\..\..\..\Shared\Include" />
			<Add directory=".\treectrl\" />
		</Compiler>
		<ResourceCompiler>
			<Add directory="..\..\..\..\Shared\Include" />
		</ResourceCompiler>
		<Linker>
			<Add library="Unicows" />
			<Add library="ZenLib" />
			<Add library="WxWidgets" />
			<Add library="ZLib" />
			<Add library="wsock32" />
			<Add library="ctl3d32" />
			<Add library="advapi32" />
			<Add library="comctl32" />
			<Add library="comdlg32" />
			<Add library="kernel32" />
			<Add library="gdi32" />
			<Add library="odbc32" />
			<Add library="ole32" />
			<Add library="oleaut32" />
			<Add library="rpcrt4" />
			<Add library="shell32" />
			<Add library="user32" />
			<Add library="uuid" />
			<Add library="winmm" />
			<Add library="winspool" />
			<Add directory="..\..\..\..\MediaInfoLib\Release\GCC_MinGW32\Library" />
			<Add directory="..\..\..\..\Shared\Library\GCC_MinGW32" />
		</Linker>
		<Unit filename="treectrl\treetest.cpp">
			<Option compilerVar="CPP" />
			<Option target="default" />
		</Unit>
		<Unit filename="treectrl\treetest.h">
			<Option compilerVar="CPP" />
			<Option compile="0" />
			<Option link="0" />
			<Option target="default" />
		</Unit>
		<Unit filename="treectrl\treetest.rc">
			<Option compilerVar="WINDRES" />
			<Option objectName="treectrl\treetest.res" />
			<Option target="default" />
		</Unit>
		<Extensions>
			<code_completion />
		</Extensions>
	</Project>
</CodeBlocks_project_file>
