<?xml version="1.0" encoding="UTF-8" standalone="yes" ?>
<CodeBlocks_project_file>
	<FileVersion major="1" minor="5" />
	<Project>
		<Option title="GUI_WithoutLib" />
		<Option pch_mode="0" />
		<Option default_target="" />
		<Option compiler="gcc" />
		<Option virtualFolders="" />
		<Build>
			<Target title="Debug">
				<Option output="..\..\..\Release\GCC_MinGW32\GUI\MediaInfo.exe" prefix_auto="0" extension_auto="0" />
				<Option type="0" />
				<Option compiler="gcc" />
				<Option projectResourceIncludeDirsRelation="0" />
				<Compiler>
					<Add option="-g" />
				</Compiler>
			</Target>
			<Target title="default">
				<Option output="..\..\..\Release\GCC_MinGW32\GUI\MediaInfo.exe" prefix_auto="0" extension_auto="0" />
				<Option type="0" />
				<Option compiler="gcc" />
				<Option projectResourceIncludeDirsRelation="0" />
				<Linker>
					<Add option="-s" />
				</Linker>
			</Target>
		</Build>
		<VirtualTargets>
			<Add alias="All" targets="Debug;default;" />
		</VirtualTargets>
		<Compiler>
			<Add option="-march=i586" />
			<Add option="-O3" />
			<Add option="-W" />
			<Add option="-Wall" />
			<Add option="-DWIN32" />
			<Add option="-D_WIN32" />
			<Add option="-DUNICODE" />
			<Add option="-D_UNICODE" />
			<Add option="-DMEDIAINFO_APE_NO" />
			<Add option="-DMEDIAINFO_FLAC_NO" />
			<Add option="-DMEDIAINFO_MK_NO" />
			<Add option="-DMEDIAINFO_MPC_NO" />
			<Add option="-DMEDIAINFO_SNDFILE_NO" />
			<Add directory="..\..\..\Source" />
			<Add directory="..\..\..\..\MediaInfoLib\Source" />
			<Add directory="..\..\..\..\Shared\Include" />
		</Compiler>
		<ResourceCompiler>
			<Add directory="..\..\..\..\Shared\Include" />
		</ResourceCompiler>
		<Linker>
			<Add library="Unicows" />
			<Add library="ZenLib" />
			<Add library="WxWidgets" />
			<Add library="ZLib" />
			<Add library="wsock32" />
			<Add library="ctl3d32" />
			<Add library="advapi32" />
			<Add library="comctl32" />
			<Add library="comdlg32" />
			<Add library="kernel32" />
			<Add library="gdi32" />
			<Add library="odbc32" />
			<Add library="ole32" />
			<Add library="oleaut32" />
			<Add library="rpcrt4" />
			<Add library="shell32" />
			<Add library="user32" />
			<Add library="uuid" />
			<Add library="winmm" />
			<Add library="winspool" />
			<Add directory="..\..\..\..\MediaInfoLib\Release\GCC_MinGW32\Library" />
			<Add directory="..\..\..\..\Shared\Library\GCC_MinGW32" />
		</Linker>
		<Unit filename="..\..\..\..\MediaInfoLib\Source\MediaInfo\Archive\File_7z.cpp">
			<Option compilerVar="CPP" />
			<Option target="Debug" />
			<Option target="default" />
		</Unit>
		<Unit filename="..\..\..\..\MediaInfoLib\Source\MediaInfo\Archive\File_7z.h">
			<Option compilerVar="" />
			<Option compile="0" />
			<Option link="0" />
			<Option target="Debug" />
			<Option target="default" />
		</Unit>
		<Unit filename="..\..\..\..\MediaInfoLib\Source\MediaInfo\Archive\File_Ace.cpp">
			<Option compilerVar="CPP" />
			<Option target="Debug" />
			<Option target="default" />
		</Unit>
		<Unit filename="..\..\..\..\MediaInfoLib\Source\MediaInfo\Archive\File_Ace.h">
			<Option compilerVar="" />
			<Option compile="0" />
			<Option link="0" />
			<Option target="Debug" />
			<Option target="default" />
		</Unit>
		<Unit filename="..\..\..\..\MediaInfoLib\Source\MediaInfo\Archive\File_Rar.cpp">
			<Option compilerVar="CPP" />
			<Option target="Debug" />
			<Option target="default" />
		</Unit>
		<Unit filename="..\..\..\..\MediaInfoLib\Source\MediaInfo\Archive\File_Rar.h">
			<Option compilerVar="" />
			<Option compile="0" />
			<Option link="0" />
			<Option target="Debug" />
			<Option target="default" />
		</Unit>
		<Unit filename="..\..\..\..\MediaInfoLib\Source\MediaInfo\Archive\File_Zip.cpp">
			<Option compilerVar="CPP" />
			<Option target="Debug" />
			<Option target="default" />
		</Unit>
		<Unit filename="..\..\..\..\MediaInfoLib\Source\MediaInfo\Archive\File_Zip.h">
			<Option compilerVar="" />
			<Option compile="0" />
			<Option link="0" />
			<Option target="Debug" />
			<Option target="default" />
		</Unit>
		<Unit filename="..\..\..\..\MediaInfoLib\Source\MediaInfo\Audio\File_Aac.cpp">
			<Option compilerVar="CPP" />
			<Option target="Debug" />
			<Option target="default" />
		</Unit>
		<Unit filename="..\..\..\..\MediaInfoLib\Source\MediaInfo\Audio\File_Aac.h">
			<Option compilerVar="" />
			<Option compile="0" />
			<Option link="0" />
			<Option target="Debug" />
			<Option target="default" />
		</Unit>
		<Unit filename="..\..\..\..\MediaInfoLib\Source\MediaInfo\Audio\File_Ac3.cpp">
			<Option compilerVar="CPP" />
			<Option target="Debug" />
			<Option target="default" />
		</Unit>
		<Unit filename="..\..\..\..\MediaInfoLib\Source\MediaInfo\Audio\File_Ac3.h">
			<Option compilerVar="" />
			<Option compile="0" />
			<Option link="0" />
			<Option target="Debug" />
			<Option target="default" />
		</Unit>
		<Unit filename="..\..\..\..\MediaInfoLib\Source\MediaInfo\Audio\File_Ape.cpp">
			<Option compilerVar="CPP" />
			<Option target="Debug" />
			<Option target="default" />
		</Unit>
		<Unit filename="..\..\..\..\MediaInfoLib\Source\MediaInfo\Audio\File_Ape.h">
			<Option compilerVar="" />
			<Option compile="0" />
			<Option link="0" />
			<Option target="Debug" />
			<Option target="default" />
		</Unit>
		<Unit filename="..\..\..\..\MediaInfoLib\Source\MediaInfo\Audio\File_Dts.cpp">
			<Option compilerVar="CPP" />
			<Option target="Debug" />
			<Option target="default" />
		</Unit>
		<Unit filename="..\..\..\..\MediaInfoLib\Source\MediaInfo\Audio\File_Dts.h">
			<Option compilerVar="" />
			<Option compile="0" />
			<Option link="0" />
			<Option target="Debug" />
			<Option target="default" />
		</Unit>
		<Unit filename="..\..\..\..\MediaInfoLib\Source\MediaInfo\Audio\File_Flac.cpp">
			<Option compilerVar="CPP" />
			<Option target="Debug" />
			<Option target="default" />
		</Unit>
		<Unit filename="..\..\..\..\MediaInfoLib\Source\MediaInfo\Audio\File_Flac.h">
			<Option compilerVar="" />
			<Option compile="0" />
			<Option link="0" />
			<Option target="Debug" />
			<Option target="default" />
		</Unit>
		<Unit filename="..\..\..\..\MediaInfoLib\Source\MediaInfo\Audio\File_Id3.cpp">
			<Option compilerVar="CPP" />
			<Option target="Debug" />
			<Option target="default" />
		</Unit>
		<Unit filename="..\..\..\..\MediaInfoLib\Source\MediaInfo\Audio\File_Id3.h">
			<Option compilerVar="" />
			<Option compile="0" />
			<Option link="0" />
			<Option target="Debug" />
			<Option target="default" />
		</Unit>
		<Unit filename="..\..\..\..\MediaInfoLib\Source\MediaInfo\Audio\File_Mpc.cpp">
			<Option compilerVar="CPP" />
			<Option target="Debug" />
			<Option target="default" />
		</Unit>
		<Unit filename="..\..\..\..\MediaInfoLib\Source\MediaInfo\Audio\File_Mpc.h">
			<Option compilerVar="" />
			<Option compile="0" />
			<Option link="0" />
			<Option target="Debug" />
			<Option target="default" />
		</Unit>
		<Unit filename="..\..\..\..\MediaInfoLib\Source\MediaInfo\Audio\File_Mpega.cpp">
			<Option compilerVar="CPP" />
			<Option target="Debug" />
			<Option target="default" />
		</Unit>
		<Unit filename="..\..\..\..\MediaInfoLib\Source\MediaInfo\Audio\File_Mpega.h">
			<Option compilerVar="" />
			<Option compile="0" />
			<Option link="0" />
			<Option target="Debug" />
			<Option target="default" />
		</Unit>
		<Unit filename="..\..\..\..\MediaInfoLib\Source\MediaInfo\Audio\File_SndFile.cpp">
			<Option compilerVar="CPP" />
			<Option target="Debug" />
			<Option target="default" />
		</Unit>
		<Unit filename="..\..\..\..\MediaInfoLib\Source\MediaInfo\Audio\File_SndFile.h">
			<Option compilerVar="" />
			<Option compile="0" />
			<Option link="0" />
			<Option target="Debug" />
			<Option target="default" />
		</Unit>
		<Unit filename="..\..\..\..\MediaInfoLib\Source\MediaInfo\File_Dummy.cpp">
			<Option compilerVar="CPP" />
			<Option target="Debug" />
			<Option target="default" />
		</Unit>
		<Unit filename="..\..\..\..\MediaInfoLib\Source\MediaInfo\File_Dummy.h">
			<Option compilerVar="CPP" />
			<Option compile="0" />
			<Option link="0" />
			<Option target="Debug" />
			<Option target="default" />
		</Unit>
		<Unit filename="..\..\..\..\MediaInfoLib\Source\MediaInfo\File_Other.cpp">
			<Option compilerVar="CPP" />
			<Option target="Debug" />
			<Option target="default" />
		</Unit>
		<Unit filename="..\..\..\..\MediaInfoLib\Source\MediaInfo\File_Other.h">
			<Option compilerVar="CPP" />
			<Option compile="0" />
			<Option link="0" />
			<Option target="Debug" />
			<Option target="default" />
		</Unit>
		<Unit filename="..\..\..\..\MediaInfoLib\Source\MediaInfo\File_Unknown.cpp">
			<Option compilerVar="CPP" />
			<Option target="Debug" />
			<Option target="default" />
		</Unit>
		<Unit filename="..\..\..\..\MediaInfoLib\Source\MediaInfo\File_Unknown.h">
			<Option compilerVar="CPP" />
			<Option compile="0" />
			<Option link="0" />
			<Option target="Debug" />
			<Option target="default" />
		</Unit>
		<Unit filename="..\..\..\..\MediaInfoLib\Source\MediaInfo\File__Base.cpp">
			<Option compilerVar="CPP" />
			<Option target="Debug" />
			<Option target="default" />
		</Unit>
		<Unit filename="..\..\..\..\MediaInfoLib\Source\MediaInfo\File__Base.h">
			<Option compilerVar="" />
			<Option compile="0" />
			<Option link="0" />
			<Option target="Debug" />
			<Option target="default" />
		</Unit>
		<Unit filename="..\..\..\..\MediaInfoLib\Source\MediaInfo\File__Base_Automatic.cpp">
			<Option compilerVar="CPP" />
			<Option target="Debug" />
			<Option target="default" />
		</Unit>
		<Unit filename="..\..\..\..\MediaInfoLib\Source\MediaInfo\File__Base_Finalize.cpp">
			<Option compilerVar="CPP" />
			<Option target="Debug" />
			<Option target="default" />
		</Unit>
		<Unit filename="..\..\..\..\MediaInfoLib\Source\MediaInfo\File__Base_Inform.cpp">
			<Option compilerVar="CPP" />
			<Option target="Debug" />
			<Option target="default" />
		</Unit>
		<Unit filename="..\..\..\..\MediaInfoLib\Source\MediaInfo\Image\File_Bmp.cpp">
			<Option compilerVar="CPP" />
			<Option target="Debug" />
			<Option target="default" />
		</Unit>
		<Unit filename="..\..\..\..\MediaInfoLib\Source\MediaInfo\Image\File_Bmp.h">
			<Option compilerVar="" />
			<Option compile="0" />
			<Option link="0" />
			<Option target="Debug" />
			<Option target="default" />
		</Unit>
		<Unit filename="..\..\..\..\MediaInfoLib\Source\MediaInfo\Image\File_Gif.cpp">
			<Option compilerVar="CPP" />
			<Option target="Debug" />
			<Option target="default" />
		</Unit>
		<Unit filename="..\..\..\..\MediaInfoLib\Source\MediaInfo\Image\File_Gif.h">
			<Option compilerVar="" />
			<Option compile="0" />
			<Option link="0" />
			<Option target="Debug" />
			<Option target="default" />
		</Unit>
		<Unit filename="..\..\..\..\MediaInfoLib\Source\MediaInfo\Image\File_Ico.cpp">
			<Option compilerVar="CPP" />
			<Option target="Debug" />
			<Option target="default" />
		</Unit>
		<Unit filename="..\..\..\..\MediaInfoLib\Source\MediaInfo\Image\File_Ico.h">
			<Option compilerVar="" />
			<Option compile="0" />
			<Option link="0" />
			<Option target="Debug" />
			<Option target="default" />
		</Unit>
		<Unit filename="..\..\..\..\MediaInfoLib\Source\MediaInfo\Image\File_Jpeg.cpp">
			<Option compilerVar="CPP" />
			<Option target="Debug" />
			<Option target="default" />
		</Unit>
		<Unit filename="..\..\..\..\MediaInfoLib\Source\MediaInfo\Image\File_Jpeg.h">
			<Option compilerVar="" />
			<Option compile="0" />
			<Option link="0" />
			<Option target="Debug" />
			<Option target="default" />
		</Unit>
		<Unit filename="..\..\..\..\MediaInfoLib\Source\MediaInfo\Image\File_Png.cpp">
			<Option compilerVar="CPP" />
			<Option target="Debug" />
			<Option target="default" />
		</Unit>
		<Unit filename="..\..\..\..\MediaInfoLib\Source\MediaInfo\Image\File_Png.h">
			<Option compilerVar="" />
			<Option compile="0" />
			<Option link="0" />
			<Option target="Debug" />
			<Option target="default" />
		</Unit>
		<Unit filename="..\..\..\..\MediaInfoLib\Source\MediaInfo\Image\File_Tiff.cpp">
			<Option compilerVar="CPP" />
			<Option target="Debug" />
			<Option target="default" />
		</Unit>
		<Unit filename="..\..\..\..\MediaInfoLib\Source\MediaInfo\Image\File_Tiff.h">
			<Option compilerVar="" />
			<Option compile="0" />
			<Option link="0" />
			<Option target="Debug" />
			<Option target="default" />
		</Unit>
		<Unit filename="..\..\..\..\MediaInfoLib\Source\MediaInfo\MediaInfo.cpp">
			<Option compilerVar="CPP" />
			<Option target="Debug" />
			<Option target="default" />
		</Unit>
		<Unit filename="..\..\..\..\MediaInfoLib\Source\MediaInfo\MediaInfo.h">
			<Option compilerVar="" />
			<Option compile="0" />
			<Option link="0" />
			<Option target="Debug" />
			<Option target="default" />
		</Unit>
		<Unit filename="..\..\..\..\MediaInfoLib\Source\MediaInfo\MediaInfoList.cpp">
			<Option compilerVar="CPP" />
			<Option target="Debug" />
			<Option target="default" />
		</Unit>
		<Unit filename="..\..\..\..\MediaInfoLib\Source\MediaInfo\MediaInfoList.h">
			<Option compilerVar="" />
			<Option compile="0" />
			<Option link="0" />
			<Option target="Debug" />
			<Option target="default" />
		</Unit>
		<Unit filename="..\..\..\..\MediaInfoLib\Source\MediaInfo\MediaInfo_Config.cpp">
			<Option compilerVar="CPP" />
			<Option target="Debug" />
			<Option target="default" />
		</Unit>
		<Unit filename="..\..\..\..\MediaInfoLib\Source\MediaInfo\MediaInfo_Config.h">
			<Option compilerVar="CPP" />
			<Option compile="0" />
			<Option link="0" />
			<Option target="Debug" />
			<Option target="default" />
		</Unit>
		<Unit filename="..\..\..\..\MediaInfoLib\Source\MediaInfo\MediaInfo_File.cpp">
			<Option compilerVar="CPP" />
			<Option target="Debug" />
			<Option target="default" />
		</Unit>
		<Unit filename="..\..\..\..\MediaInfoLib\Source\MediaInfo\Multiple\File_Cdxa.cpp">
			<Option compilerVar="CPP" />
			<Option target="Debug" />
			<Option target="default" />
		</Unit>
		<Unit filename="..\..\..\..\MediaInfoLib\Source\MediaInfo\Multiple\File_Cdxa.h">
			<Option compilerVar="CPP" />
			<Option compile="0" />
			<Option link="0" />
			<Option target="Debug" />
			<Option target="default" />
		</Unit>
		<Unit filename="..\..\..\..\MediaInfoLib\Source\MediaInfo\Multiple\File_Dvdv.cpp">
			<Option compilerVar="CPP" />
			<Option target="Debug" />
			<Option target="default" />
		</Unit>
		<Unit filename="..\..\..\..\MediaInfoLib\Source\MediaInfo\Multiple\File_Dvdv.h">
			<Option compilerVar="CPP" />
			<Option compile="0" />
			<Option link="0" />
			<Option target="Debug" />
			<Option target="default" />
		</Unit>
		<Unit filename="..\..\..\..\MediaInfoLib\Source\MediaInfo\Multiple\File_Flv.cpp">
			<Option compilerVar="CPP" />
			<Option target="Debug" />
			<Option target="default" />
		</Unit>
		<Unit filename="..\..\..\..\MediaInfoLib\Source\MediaInfo\Multiple\File_Flv.h">
			<Option compilerVar="CPP" />
			<Option compile="0" />
			<Option link="0" />
			<Option target="Debug" />
			<Option target="default" />
		</Unit>
		<Unit filename="..\..\..\..\MediaInfoLib\Source\MediaInfo\Multiple\File_Mk.cpp">
			<Option compilerVar="CPP" />
			<Option target="Debug" />
			<Option target="default" />
		</Unit>
		<Unit filename="..\..\..\..\MediaInfoLib\Source\MediaInfo\Multiple\File_Mk.h">
			<Option compilerVar="CPP" />
			<Option compile="0" />
			<Option link="0" />
			<Option target="Debug" />
			<Option target="default" />
		</Unit>
		<Unit filename="..\..\..\..\MediaInfoLib\Source\MediaInfo\Multiple\File_Mpeg4.cpp">
			<Option compilerVar="CPP" />
			<Option target="Debug" />
			<Option target="default" />
		</Unit>
		<Unit filename="..\..\..\..\MediaInfoLib\Source\MediaInfo\Multiple\File_Mpeg4.h">
			<Option compilerVar="CPP" />
			<Option compile="0" />
			<Option link="0" />
			<Option target="Debug" />
			<Option target="default" />
		</Unit>
		<Unit filename="..\..\..\..\MediaInfoLib\Source\MediaInfo\Multiple\File_Mpeg4_Descriptors.cpp">
			<Option compilerVar="CPP" />
			<Option target="Debug" />
			<Option target="default" />
		</Unit>
		<Unit filename="..\..\..\..\MediaInfoLib\Source\MediaInfo\Multiple\File_Mpeg4_Elements.cpp">
			<Option compilerVar="CPP" />
			<Option target="Debug" />
			<Option target="default" />
		</Unit>
		<Unit filename="..\..\..\..\MediaInfoLib\Source\MediaInfo\Multiple\File_MpegPs.cpp">
			<Option compilerVar="CPP" />
			<Option target="Debug" />
			<Option target="default" />
		</Unit>
		<Unit filename="..\..\..\..\MediaInfoLib\Source\MediaInfo\Multiple\File_MpegPs.h">
			<Option compilerVar="CPP" />
			<Option compile="0" />
			<Option link="0" />
			<Option target="Debug" />
			<Option target="default" />
		</Unit>
		<Unit filename="..\..\..\..\MediaInfoLib\Source\MediaInfo\Multiple\File_MpegTs.cpp">
			<Option compilerVar="CPP" />
			<Option target="Debug" />
			<Option target="default" />
		</Unit>
		<Unit filename="..\..\..\..\MediaInfoLib\Source\MediaInfo\Multiple\File_MpegTs.h">
			<Option compilerVar="CPP" />
			<Option compile="0" />
			<Option link="0" />
			<Option target="Debug" />
			<Option target="default" />
		</Unit>
		<Unit filename="..\..\..\..\MediaInfoLib\Source\MediaInfo\Multiple\File_Mxf.cpp">
			<Option compilerVar="CPP" />
			<Option target="Debug" />
			<Option target="default" />
		</Unit>
		<Unit filename="..\..\..\..\MediaInfoLib\Source\MediaInfo\Multiple\File_Mxf.h">
			<Option compilerVar="CPP" />
			<Option compile="0" />
			<Option link="0" />
			<Option target="Debug" />
			<Option target="default" />
		</Unit>
		<Unit filename="..\..\..\..\MediaInfoLib\Source\MediaInfo\Multiple\File_Ogg.cpp">
			<Option compilerVar="CPP" />
			<Option target="Debug" />
			<Option target="default" />
		</Unit>
		<Unit filename="..\..\..\..\MediaInfoLib\Source\MediaInfo\Multiple\File_Ogg.h">
			<Option compilerVar="CPP" />
			<Option compile="0" />
			<Option link="0" />
			<Option target="Debug" />
			<Option target="default" />
		</Unit>
		<Unit filename="..\..\..\..\MediaInfoLib\Source\MediaInfo\Multiple\File_Riff.cpp">
			<Option compilerVar="CPP" />
			<Option target="Debug" />
			<Option target="default" />
		</Unit>
		<Unit filename="..\..\..\..\MediaInfoLib\Source\MediaInfo\Multiple\File_Riff.h">
			<Option compilerVar="CPP" />
			<Option compile="0" />
			<Option link="0" />
			<Option target="Debug" />
			<Option target="default" />
		</Unit>
		<Unit filename="..\..\..\..\MediaInfoLib\Source\MediaInfo\Multiple\File_Rm.cpp">
			<Option compilerVar="CPP" />
			<Option target="Debug" />
			<Option target="default" />
		</Unit>
		<Unit filename="..\..\..\..\MediaInfoLib\Source\MediaInfo\Multiple\File_Rm.h">
			<Option compilerVar="CPP" />
			<Option compile="0" />
			<Option link="0" />
			<Option target="Debug" />
			<Option target="default" />
		</Unit>
		<Unit filename="..\..\..\..\MediaInfoLib\Source\MediaInfo\Multiple\File_Skm.cpp">
			<Option compilerVar="CPP" />
			<Option target="Debug" />
			<Option target="default" />
		</Unit>
		<Unit filename="..\..\..\..\MediaInfoLib\Source\MediaInfo\Multiple\File_Skm.h">
			<Option compilerVar="CPP" />
			<Option compile="0" />
			<Option link="0" />
			<Option target="Debug" />
			<Option target="default" />
		</Unit>
		<Unit filename="..\..\..\..\MediaInfoLib\Source\MediaInfo\Multiple\File_Swf.cpp">
			<Option compilerVar="CPP" />
			<Option target="Debug" />
			<Option target="default" />
		</Unit>
		<Unit filename="..\..\..\..\MediaInfoLib\Source\MediaInfo\Multiple\File_Swf.h">
			<Option compilerVar="CPP" />
			<Option compile="0" />
			<Option link="0" />
			<Option target="Debug" />
			<Option target="default" />
		</Unit>
		<Unit filename="..\..\..\..\MediaInfoLib\Source\MediaInfo\Multiple\File_Wm.cpp">
			<Option compilerVar="CPP" />
			<Option target="Debug" />
			<Option target="default" />
		</Unit>
		<Unit filename="..\..\..\..\MediaInfoLib\Source\MediaInfo\Multiple\File_Wm.h">
			<Option compilerVar="CPP" />
			<Option compile="0" />
			<Option link="0" />
			<Option target="Debug" />
			<Option target="default" />
		</Unit>
		<Unit filename="..\..\..\..\MediaInfoLib\Source\MediaInfo\PreComp.h">
			<Option compilerVar="CPP" />
			<Option compile="0" />
			<Option link="0" />
			<Option target="Debug" />
			<Option target="default" />
		</Unit>
		<Unit filename="..\..\..\..\MediaInfoLib\Source\MediaInfo\Setup.h">
			<Option compilerVar="CPP" />
			<Option compile="0" />
			<Option link="0" />
			<Option target="Debug" />
			<Option target="default" />
		</Unit>
		<Unit filename="..\..\..\..\MediaInfoLib\Source\MediaInfo\Text\File_OtherText.cpp">
			<Option compilerVar="CPP" />
			<Option target="Debug" />
			<Option target="default" />
		</Unit>
		<Unit filename="..\..\..\..\MediaInfoLib\Source\MediaInfo\Text\File_OtherText.h">
			<Option compilerVar="CPP" />
			<Option compile="0" />
			<Option link="0" />
			<Option target="Debug" />
			<Option target="default" />
		</Unit>
		<Unit filename="..\..\..\..\MediaInfoLib\Source\MediaInfo\Video\File_Avc.cpp">
			<Option compilerVar="CPP" />
			<Option target="Debug" />
			<Option target="default" />
		</Unit>
		<Unit filename="..\..\..\..\MediaInfoLib\Source\MediaInfo\Video\File_Avc.h">
			<Option compilerVar="CPP" />
			<Option compile="0" />
			<Option link="0" />
			<Option target="Debug" />
			<Option target="default" />
		</Unit>
		<Unit filename="..\..\..\..\MediaInfoLib\Source\MediaInfo\Video\File_Flic.cpp">
			<Option compilerVar="CPP" />
			<Option target="Debug" />
			<Option target="default" />
		</Unit>
		<Unit filename="..\..\..\..\MediaInfoLib\Source\MediaInfo\Video\File_Flic.h">
			<Option compilerVar="CPP" />
			<Option compile="0" />
			<Option link="0" />
			<Option target="Debug" />
			<Option target="default" />
		</Unit>
		<Unit filename="..\..\..\..\MediaInfoLib\Source\MediaInfo\Video\File_Mpeg4v.cpp">
			<Option compilerVar="CPP" />
			<Option target="Debug" />
			<Option target="default" />
		</Unit>
		<Unit filename="..\..\..\..\MediaInfoLib\Source\MediaInfo\Video\File_Mpeg4v.h">
			<Option compilerVar="CPP" />
			<Option compile="0" />
			<Option link="0" />
			<Option target="Debug" />
			<Option target="default" />
		</Unit>
		<Unit filename="..\..\..\..\MediaInfoLib\Source\MediaInfo\Video\File_Mpegv.cpp">
			<Option compilerVar="CPP" />
			<Option target="Debug" />
			<Option target="default" />
		</Unit>
		<Unit filename="..\..\..\..\MediaInfoLib\Source\MediaInfo\Video\File_Mpegv.h">
			<Option compilerVar="" />
			<Option compile="0" />
			<Option link="0" />
			<Option target="Debug" />
			<Option target="default" />
		</Unit>
		<Unit filename="..\..\..\Source\Common\Core.cpp">
			<Option compilerVar="CPP" />
			<Option target="default" />
			<Option target="Debug" />
		</Unit>
		<Unit filename="..\..\..\Source\Common\Core.h">
			<Option compilerVar="" />
			<Option compile="0" />
			<Option link="0" />
			<Option target="default" />
			<Option target="Debug" />
		</Unit>
		<Unit filename="..\..\..\Source\GUI\WxWidgets\App.cpp">
			<Option compilerVar="CPP" />
			<Option target="default" />
			<Option target="Debug" />
		</Unit>
		<Unit filename="..\..\..\Source\GUI\WxWidgets\App.h">
			<Option compilerVar="" />
			<Option compile="0" />
			<Option link="0" />
			<Option target="default" />
			<Option target="Debug" />
		</Unit>
		<Unit filename="..\..\..\Source\GUI\WxWidgets\GUI_Main.cpp">
			<Option compilerVar="CPP" />
			<Option target="default" />
			<Option target="Debug" />
		</Unit>
		<Unit filename="..\..\..\Source\GUI\WxWidgets\GUI_Main.h">
			<Option compilerVar="" />
			<Option compile="0" />
			<Option link="0" />
			<Option target="default" />
			<Option target="Debug" />
		</Unit>
		<Unit filename="..\..\..\Source\GUI\WxWidgets\GUI_Main.rc">
			<Option compilerVar="WINDRES" />
			<Option objectName="Source\GUI\WxWidgets\GUI_Main.res" />
			<Option target="default" />
			<Option target="Debug" />
		</Unit>
		<Unit filename="..\..\..\Source\GUI\WxWidgets\GUI_Main_FileDrop.cpp">
			<Option compilerVar="CPP" />
			<Option target="default" />
			<Option target="Debug" />
		</Unit>
		<Unit filename="..\..\..\Source\GUI\WxWidgets\GUI_Main_FileDrop.h">
			<Option compilerVar="" />
			<Option compile="0" />
			<Option link="0" />
			<Option target="default" />
			<Option target="Debug" />
		</Unit>
		<Unit filename="..\..\..\Source\GUI\WxWidgets\GUI_Main_Menu.cpp">
			<Option compilerVar="CPP" />
			<Option target="Debug" />
			<Option target="default" />
		</Unit>
		<Extensions>
			<code_completion />
		</Extensions>
	</Project>
</CodeBlocks_project_file>
